// !$*UTF8*$!
{
	archiveVersion = 1;
	classes = {
	};
	objectVersion = 50;
	objects = {

/* Begin PBXBuildFile section */
		9C95339A217E28F6004DD5DD /* AppDelegate.swift in Sources */ = {isa = PBXBuildFile; fileRef = 9C953399217E28F6004DD5DD /* AppDelegate.swift */; };
		9C95339C217E28F6004DD5DD /* ViewController.swift in Sources */ = {isa = PBXBuildFile; fileRef = 9C95339B217E28F6004DD5DD /* ViewController.swift */; };
		9C95339F217E28F6004DD5DD /* Main.storyboard in Resources */ = {isa = PBXBuildFile; fileRef = 9C95339D217E28F6004DD5DD /* Main.storyboard */; };
		9C9533A2217E28F6004DD5DD /* KeystonePark.xcdatamodeld in Sources */ = {isa = PBXBuildFile; fileRef = 9C9533A0217E28F6004DD5DD /* KeystonePark.xcdatamodeld */; };
		9C9533A4217E2912004DD5DD /* Assets.xcassets in Resources */ = {isa = PBXBuildFile; fileRef = 9C9533A3217E2912004DD5DD /* Assets.xcassets */; };
		9C9533A7217E2912004DD5DD /* LaunchScreen.storyboard in Resources */ = {isa = PBXBuildFile; fileRef = 9C9533A5217E2912004DD5DD /* LaunchScreen.storyboard */; };
/* End PBXBuildFile section */

/* Begin PBXFileReference section */
		9C953396217E28F6004DD5DD /* KeystonePark.app */ = {isa = PBXFileReference; explicitFileType = wrapper.application; includeInIndex = 0; path = KeystonePark.app; sourceTree = BUILT_PRODUCTS_DIR; };
		9C953399217E28F6004DD5DD /* AppDelegate.swift */ = {isa = PBXFileReference; lastKnownFileType = sourcecode.swift; path = AppDelegate.swift; sourceTree = "<group>"; };
		9C95339B217E28F6004DD5DD /* ViewController.swift */ = {isa = PBXFileReference; lastKnownFileType = sourcecode.swift; path = ViewController.swift; sourceTree = "<group>"; };
		9C95339E217E28F6004DD5DD /* Base */ = {isa = PBXFileReference; lastKnownFileType = file.storyboard; name = Base; path = Base.lproj/Main.storyboard; sourceTree = "<group>"; };
		9C9533A1217E28F6004DD5DD /* KeystonePark.xcdatamodel */ = {isa = PBXFileReference; lastKnownFileType = wrapper.xcdatamodel; path = KeystonePark.xcdatamodel; sourceTree = "<group>"; };
		9C9533A3217E2912004DD5DD /* Assets.xcassets */ = {isa = PBXFileReference; lastKnownFileType = folder.assetcatalog; path = Assets.xcassets; sourceTree = "<group>"; };
		9C9533A6217E2912004DD5DD /* Base */ = {isa = PBXFileReference; lastKnownFileType = file.storyboard; name = Base; path = Base.lproj/LaunchScreen.storyboard; sourceTree = "<group>"; };
		9C9533A8217E2912004DD5DD /* Info.plist */ = {isa = PBXFileReference; lastKnownFileType = text.plist.xml; path = Info.plist; sourceTree = "<group>"; };
/* End PBXFileReference section */

/* Begin PBXFrameworksBuildPhase section */
		9C953393217E28F6004DD5DD /* Frameworks */ = {
			isa = PBXFrameworksBuildPhase;
			buildActionMask = 2147483647;
			files = (
			);
			runOnlyForDeploymentPostprocessing = 0;
		};
/* End PBXFrameworksBuildPhase section */

/* Begin PBXGroup section */
		9C95338D217E28F6004DD5DD = {
			isa = PBXGroup;
			children = (
				9C953398217E28F6004DD5DD /* KeystonePark */,
				9C953397217E28F6004DD5DD /* Products */,
			);
			sourceTree = "<group>";
		};
		9C953397217E28F6004DD5DD /* Products */ = {
			isa = PBXGroup;
			children = (
				9C953396217E28F6004DD5DD /* KeystonePark.app */,
			);
			name = Products;
			sourceTree = "<group>";
		};
		9C953398217E28F6004DD5DD /* KeystonePark */ = {
			isa = PBXGroup;
			children = (
				9C953399217E28F6004DD5DD /* AppDelegate.swift */,
				9C95339B217E28F6004DD5DD /* ViewController.swift */,
				9C95339D217E28F6004DD5DD /* Main.storyboard */,
				9C9533A3217E2912004DD5DD /* Assets.xcassets */,
				9C9533A5217E2912004DD5DD /* LaunchScreen.storyboard */,
				9C9533A8217E2912004DD5DD /* Info.plist */,
				9C9533A0217E28F6004DD5DD /* KeystonePark.xcdatamodeld */,
			);
			path = KeystonePark;
			sourceTree = "<group>";
		};
/* End PBXGroup section */

/* Begin PBXNativeTarget section */
		9C953395217E28F6004DD5DD /* KeystonePark */ = {
			isa = PBXNativeTarget;
			buildConfigurationList = 9C9533AB217E2912004DD5DD /* Build configuration list for PBXNativeTarget "KeystonePark" */;
			buildPhases = (
				9C953392217E28F6004DD5DD /* Sources */,
				9C953393217E28F6004DD5DD /* Frameworks */,
				9C953394217E28F6004DD5DD /* Resources */,
			);
			buildRules = (
			);
			dependencies = (
			);
			name = KeystonePark;
			productName = KeystonePark;
			productReference = 9C953396217E28F6004DD5DD /* KeystonePark.app */;
			productType = "com.apple.product-type.application";
		};
/* End PBXNativeTarget section */

/* Begin PBXProject section */
		9C95338E217E28F6004DD5DD /* Project object */ = {
			isa = PBXProject;
			attributes = {
				LastSwiftUpdateCheck = 1000;
				LastUpgradeCheck = 1000;
				ORGANIZATIONNAME = Marcelo;
				TargetAttributes = {
					9C953395217E28F6004DD5DD = {
						CreatedOnToolsVersion = 10.0;
					};
				};
			};
			buildConfigurationList = 9C953391217E28F6004DD5DD /* Build configuration list for PBXProject "KeystonePark" */;
			compatibilityVersion = "Xcode 9.3";
			developmentRegion = en;
			hasScannedForEncodings = 0;
			knownRegions = (
				en,
				Base,
			);
			mainGroup = 9C95338D217E28F6004DD5DD;
			productRefGroup = 9C953397217E28F6004DD5DD /* Products */;
			projectDirPath = "";
			projectRoot = "";
			targets = (
				9C953395217E28F6004DD5DD /* KeystonePark */,
			);
		};
/* End PBXProject section */

/* Begin PBXResourcesBuildPhase section */
		9C953394217E28F6004DD5DD /* Resources */ = {
			isa = PBXResourcesBuildPhase;
			buildActionMask = 2147483647;
			files = (
				9C9533A7217E2912004DD5DD /* LaunchScreen.storyboard in Resources */,
				9C9533A4217E2912004DD5DD /* Assets.xcassets in Resources */,
				9C95339F217E28F6004DD5DD /* Main.storyboard in Resources */,
			);
			runOnlyForDeploymentPostprocessing = 0;
		};
/* End PBXResourcesBuildPhase section */

/* Begin PBXSourcesBuildPhase section */
		9C953392217E28F6004DD5DD /* Sources */ = {
			isa = PBXSourcesBuildPhase;
			buildActionMask = 2147483647;
			files = (
				9C95339C217E28F6004DD5DD /* ViewController.swift in Sources */,
				9C95339A217E28F6004DD5DD /* AppDelegate.swift in Sources */,
				9C9533A2217E28F6004DD5DD /* KeystonePark.xcdatamodeld in Sources */,
			);
			runOnlyForDeploymentPostprocessing = 0;
		};
/* End PBXSourcesBuildPhase section */

/* Begin PBXVariantGroup section */
		9C95339D217E28F6004DD5DD /* Main.storyboard */ = {
			isa = PBXVariantGroup;
			children = (
				9C95339E217E28F6004DD5DD /* Base */,
			);
			name = Main.storyboard;
			sourceTree = "<group>";
		};
		9C9533A5217E2912004DD5DD /* LaunchScreen.storyboard */ = {
			isa = PBXVariantGroup;
			children = (
				9C9533A6217E2912004DD5DD /* Base */,
			);
			name = LaunchScreen.storyboard;
			sourceTree = "<group>";
		};
/* End PBXVariantGroup section */

/* Begin XCBuildConfiguration section */
		9C9533A9217E2912004DD5DD /* Debug */ = {
			isa = XCBuildConfiguration;
			buildSettings = {
				ALWAYS_SEARCH_USER_PATHS = NO;
				CLANG_ANALYZER_NONNULL = YES;
				CLANG_ANALYZER_NUMBER_OBJECT_CONVERSION = YES_AGGRESSIVE;
				CLANG_CXX_LANGUAGE_STANDARD = "gnu++14";
				CLANG_CXX_LIBRARY = "libc++";
				CLANG_ENABLE_MODULES = YES;
				CLANG_ENABLE_OBJC_ARC = YES;
				CLANG_ENABLE_OBJC_WEAK = YES;
				CLANG_WARN_BLOCK_CAPTURE_AUTORELEASING = YES;
				CLANG_WARN_BOOL_CONVERSION = YES;
				CLANG_WARN_COMMA = YES;
				CLANG_WARN_CONSTANT_CONVERSION = YES;
				CLANG_WARN_DEPRECATED_OBJC_IMPLEMENTATIONS = YES;
				CLANG_WARN_DIRECT_OBJC_ISA_USAGE = YES_ERROR;
				CLANG_WARN_DOCUMENTATION_COMMENTS = YES;
				CLANG_WARN_EMPTY_BODY = YES;
				CLANG_WARN_ENUM_CONVERSION = YES;
				CLANG_WARN_INFINITE_RECURSION = YES;
				CLANG_WARN_INT_CONVERSION = YES;
				CLANG_WARN_NON_LITERAL_NULL_CONVERSION = YES;
				CLANG_WARN_OBJC_IMPLICIT_RETAIN_SELF = YES;
				CLANG_WARN_OBJC_LITERAL_CONVERSION = YES;
				CLANG_WARN_OBJC_ROOT_CLASS = YES_ERROR;
				CLANG_WARN_RANGE_LOOP_ANALYSIS = YES;
				CLANG_WARN_STRICT_PROTOTYPES = YES;
				CLANG_WARN_SUSPICIOUS_MOVE = YES;
				CLANG_WARN_UNGUARDED_AVAILABILITY = YES_AGGRESSIVE;
				CLANG_WARN_UNREACHABLE_CODE = YES;
				CLANG_WARN__DUPLICATE_METHOD_MATCH = YES;
				CODE_SIGN_IDENTITY = "iPhone Developer";
				COPY_PHASE_STRIP = NO;
				DEBUG_INFORMATION_FORMAT = dwarf;
				ENABLE_STRICT_OBJC_MSGSEND = YES;
				ENABLE_TESTABILITY = YES;
				GCC_C_LANGUAGE_STANDARD = gnu11;
				GCC_DYNAMIC_NO_PIC = NO;
				GCC_NO_COMMON_BLOCKS = YES;
				GCC_OPTIMIZATION_LEVEL = 0;
				GCC_PREPROCESSOR_DEFINITIONS = (
					"DEBUG=1",
					"$(inherited)",
				);
				GCC_WARN_64_TO_32_BIT_CONVERSION = YES;
				GCC_WARN_ABOUT_RETURN_TYPE = YES_ERROR;
				GCC_WARN_UNDECLARED_SELECTOR = YES;
				GCC_WARN_UNINITIALIZED_AUTOS = YES_AGGRESSIVE;
				GCC_WARN_UNUSED_FUNCTION = YES;
				GCC_WARN_UNUSED_VARIABLE = YES;
				IPHONEOS_DEPLOYMENT_TARGET = 12.0;
				MTL_ENABLE_DEBUG_INFO = INCLUDE_SOURCE;
				MTL_FAST_MATH = YES;
				ONLY_ACTIVE_ARCH = YES;
				SDKROOT = iphoneos;
				SWIFT_ACTIVE_COMPILATION_CONDITIONS = DEBUG;
				SWIFT_OPTIMIZATION_LEVEL = "-Onone";
			};
			name = Debug;
		};
		9C9533AA217E2912004DD5DD /* Release */ = {
			isa = XCBuildConfiguration;
			buildSettings = {
				ALWAYS_SEARCH_USER_PATHS = NO;
				CLANG_ANALYZER_NONNULL = YES;
				CLANG_ANALYZER_NUMBER_OBJECT_CONVERSION = YES_AGGRESSIVE;
				CLANG_CXX_LANGUAGE_STANDARD = "gnu++14";
				CLANG_CXX_LIBRARY = "libc++";
				CLANG_ENABLE_MODULES = YES;
				CLANG_ENABLE_OBJC_ARC = YES;
				CLANG_ENABLE_OBJC_WEAK = YES;
				CLANG_WARN_BLOCK_CAPTURE_AUTORELEASING = YES;
				CLANG_WARN_BOOL_CONVERSION = YES;
				CLANG_WARN_COMMA = YES;
				CLANG_WARN_CONSTANT_CONVERSION = YES;
				CLANG_WARN_DEPRECATED_OBJC_IMPLEMENTATIONS = YES;
				CLANG_WARN_DIRECT_OBJC_ISA_USAGE = YES_ERROR;
				CLANG_WARN_DOCUMENTATION_COMMENTS = YES;
				CLANG_WARN_EMPTY_BODY = YES;
				CLANG_WARN_ENUM_CONVERSION = YES;
				CLANG_WARN_INFINITE_RECURSION = YES;
				CLANG_WARN_INT_CONVERSION = YES;
				CLANG_WARN_NON_LITERAL_NULL_CONVERSION = YES;
				CLANG_WARN_OBJC_IMPLICIT_RETAIN_SELF = YES;
				CLANG_WARN_OBJC_LITERAL_CONVERSION = YES;
				CLANG_WARN_OBJC_ROOT_CLASS = YES_ERROR;
				CLANG_WARN_RANGE_LOOP_ANALYSIS = YES;
				CLANG_WARN_STRICT_PROTOTYPES = YES;
				CLANG_WARN_SUSPICIOUS_MOVE = YES;
				CLANG_WARN_UNGUARDED_AVAILABILITY = YES_AGGRESSIVE;
				CLANG_WARN_UNREACHABLE_CODE = YES;
				CLANG_WARN__DUPLICATE_METHOD_MATCH = YES;
				CODE_SIGN_IDENTITY = "iPhone Developer";
				COPY_PHASE_STRIP = NO;
				DEBUG_INFORMATION_FORMAT = "dwarf-with-dsym";
				ENABLE_NS_ASSERTIONS = NO;
				ENABLE_STRICT_OBJC_MSGSEND = YES;
				GCC_C_LANGUAGE_STANDARD = gnu11;
				GCC_NO_COMMON_BLOCKS = YES;
				GCC_WARN_64_TO_32_BIT_CONVERSION = YES;
				GCC_WARN_ABOUT_RETURN_TYPE = YES_ERROR;
				GCC_WARN_UNDECLARED_SELECTOR = YES;
				GCC_WARN_UNINITIALIZED_AUTOS = YES_AGGRESSIVE;
				GCC_WARN_UNUSED_FUNCTION = YES;
				GCC_WARN_UNUSED_VARIABLE = YES;
				IPHONEOS_DEPLOYMENT_TARGET = 12.0;
				MTL_ENABLE_DEBUG_INFO = NO;
				MTL_FAST_MATH = YES;
				SDKROOT = iphoneos;
				SWIFT_COMPILATION_MODE = wholemodule;
				SWIFT_OPTIMIZATION_LEVEL = "-O";
				VALIDATE_PRODUCT = YES;
			};
			name = Release;
		};
		9C9533AC217E2912004DD5DD /* Debug */ = {
			isa = XCBuildConfiguration;
			buildSettings = {
				ASSETCATALOG_COMPILER_APPICON_NAME = AppIcon;
				CODE_SIGN_STYLE = Automatic;
				DEVELOPMENT_TEAM = 5U294U2N56;
				INFOPLIST_FILE = KeystonePark/Info.plist;
				LD_RUNPATH_SEARCH_PATHS = (
					"$(inherited)",
					"@executable_path/Frameworks",
				);
				PRODUCT_BUNDLE_IDENTIFIER = MAS.KeystonePark;
				PRODUCT_NAME = "$(TARGET_NAME)";
				SWIFT_VERSION = 4.2;
				TARGETED_DEVICE_FAMILY = "1,2";
			};
			name = Debug;
		};
		9C9533AD217E2912004DD5DD /* Release */ = {
			isa = XCBuildConfiguration;
			buildSettings = {
				ASSETCATALOG_COMPILER_APPICON_NAME = AppIcon;
				CODE_SIGN_STYLE = Automatic;
				DEVELOPMENT_TEAM = 5U294U2N56;
				INFOPLIST_FILE = KeystonePark/Info.plist;
				LD_RUNPATH_SEARCH_PATHS = (
					"$(inherited)",
					"@executable_path/Frameworks",
				);
				PRODUCT_BUNDLE_IDENTIFIER = MAS.KeystonePark;
				PRODUCT_NAME = "$(TARGET_NAME)";
				SWIFT_VERSION = 4.2;
				TARGETED_DEVICE_FAMILY = "1,2";
			};
			name = Release;
		};
/* End XCBuildConfiguration section */

/* Begin XCConfigurationList section */
		9C953391217E28F6004DD5DD /* Build configuration list for PBXProject "KeystonePark" */ = {
			isa = XCConfigurationList;
			buildConfigurations = (
				9C9533A9217E2912004DD5DD /* Debug */,
				9C9533AA217E2912004DD5DD /* Release */,
			);
			defaultConfigurationIsVisible = 0;
			defaultConfigurationName = Release;
		};
		9C9533AB217E2912004DD5DD /* Build configuration list for PBXNativeTarget "KeystonePark" */ = {
			isa = XCConfigurationList;
			buildConfigurations = (
				9C9533AC217E2912004DD5DD /* Debug */,
				9C9533AD217E2912004DD5DD /* Release */,
			);
			defaultConfigurationIsVisible = 0;
			defaultConfigurationName = Release;
		};
/* End XCConfigurationList section */

/* Begin XCVersionGroup section */
		9C9533A0217E28F6004DD5DD /* KeystonePark.xcdatamodeld */ = {
			isa = XCVersionGroup;
			children = (
				9C9533A1217E28F6004DD5DD /* KeystonePark.xcdatamodel */,
			);
			currentVersion = 9C9533A1217E28F6004DD5DD /* KeystonePark.xcdatamodel */;
			path = KeystonePark.xcdatamodeld;
			sourceTree = "<group>";
			versionGroupType = wrapper.xcdatamodel;
		};
/* End XCVersionGroup section */
	};
	rootObject = 9C95338E217E28F6004DD5DD /* Project object */;
}
